
Microsoft Visual Studio Solution File, Format Version 12.00
# Visual Studio Version 17
VisualStudioVersion = 17.3.32804.467
MinimumVisualStudioVersion = 10.0.40219.1
Project("{FAE04EC0-301F-11D3-BF4B-00C04F79EFBC}") = "RSACrypto", "RSACrypto\RSACrypto.csproj", "{8D47AE01-40A5-40F1-960B-D8987F5F8B1B}"
EndProject
Global
	GlobalSection(SolutionConfigurationPlatforms) = preSolution
		Debug|Any CPU = Debug|Any CPU
		Release|Any CPU = Release|Any CPU
	EndGlobalSection
	GlobalSection(ProjectConfigurationPlatforms) = postSolution
		{8D47AE01-40A5-40F1-960B-D8987F5F8B1B}.Debug|Any CPU.ActiveCfg = Debug|Any CPU
		{8D47AE01-40A5-40F1-960B-D8987F5F8B1B}.Debug|Any CPU.Build.0 = Debug|Any CPU
		{8D47AE01-40A5-40F1-960B-D8987F5F8B1B}.Release|Any CPU.ActiveCfg = Release|Any CPU
		{8D47AE01-40A5-40F1-960B-D8987F5F8B1B}.Release|Any CPU.Build.0 = Release|Any CPU
	EndGlobalSection
	GlobalSection(SolutionProperties) = preSolution
		HideSolutionNode = FALSE
	EndGlobalSection
	GlobalSection(ExtensibilityGlobals) = postSolution
		SolutionGuid = {9BAB0D78-DBE0-4433-A1E4-7D7F676E5C2E}
	EndGlobalSection
EndGlobal
